{
  "version": 4,
  "terraform_version": "1.7.2",
  "serial": 11,
  "lineage": "e3c2cd25-92ec-586f-0b78-4f6d961f3589",
  "outputs": {},
  "resources": [
    {
      "mode": "managed",
      "type": "aws_iam_group",
      "name": "this",
      "provider": "provider[\"registry.terraform.io/hashicorp/aws\"]",
      "instances": [
        {
          "schema_version": 0,
          "attributes": {
            "arn": "arn:aws:iam::481665099889:group/developers",
            "id": "developers",
            "name": "developers",
            "path": "/",
            "unique_id": "AGPAXAJL2FBYS2D7HSOOS"
          },
          "sensitive_attributes": [],
          "private": "bnVsbA=="
        }
      ]
    },
    {
      "mode": "managed",
      "type": "aws_iam_group_policy_attachment",
      "name": "readonly",
      "provider": "provider[\"registry.terraform.io/hashicorp/aws\"]",
      "instances": [
        {
          "schema_version": 0,
          "attributes": {
            "group": "developers",
            "id": "developers-20250410041525934400000003",
            "policy_arn": "arn:aws:iam::aws:policy/ReadOnlyAccess"
          },
          "sensitive_attributes": [],
          "private": "bnVsbA==",
          "dependencies": [
            "aws_iam_group.this"
          ]
        }
      ]
    },
    {
      "mode": "managed",
      "type": "aws_iam_user",
      "name": "users",
      "provider": "provider[\"registry.terraform.io/hashicorp/aws\"]",
      "instances": [
        {
          "index_key": "user1",
          "schema_version": 0,
          "attributes": {
            "arn": "arn:aws:iam::481665099889:user/user1",
            "force_destroy": false,
            "id": "user1",
            "name": "user1",
            "path": "/",
            "permissions_boundary": "",
            "tags": null,
            "tags_all": {},
            "unique_id": "AIDAXAJL2FBYTY74RJ4BI"
          },
          "sensitive_attributes": [],
          "private": "bnVsbA=="
        },
        {
          "index_key": "user2",
          "schema_version": 0,
          "attributes": {
            "arn": "arn:aws:iam::481665099889:user/user2",
            "force_destroy": false,
            "id": "user2",
            "name": "user2",
            "path": "/",
            "permissions_boundary": "",
            "tags": null,
            "tags_all": {},
            "unique_id": "AIDAXAJL2FBYSVLZZEP6X"
          },
          "sensitive_attributes": [],
          "private": "bnVsbA=="
        }
      ]
    },
    {
      "mode": "managed",
      "type": "aws_iam_user_group_membership",
      "name": "membership",
      "provider": "provider[\"registry.terraform.io/hashicorp/aws\"]",
      "instances": [
        {
          "index_key": "user1",
          "schema_version": 0,
          "attributes": {
            "groups": [
              "developers"
            ],
            "id": "terraform-20250410041525916100000002",
            "user": "user1"
          },
          "sensitive_attributes": [],
          "private": "bnVsbA==",
          "dependencies": [
            "aws_iam_group.this",
            "aws_iam_user.users"
          ]
        },
        {
          "index_key": "user2",
          "schema_version": 0,
          "attributes": {
            "groups": [
              "developers"
            ],
            "id": "terraform-20250410041525916100000001",
            "user": "user2"
          },
          "sensitive_attributes": [],
          "private": "bnVsbA==",
          "dependencies": [
            "aws_iam_group.this",
            "aws_iam_user.users"
          ]
        }
      ]
    }
  ],
  "check_results": null
}
