{
  "version": 4,
  "terraform_version": "1.7.2",
  "serial": 27,
  "lineage": "73b65482-c3a5-d8f9-e3b4-51b97383a02a",
  "outputs": {},
  "resources": [
    {
      "mode": "managed",
      "type": "github_repository",
      "name": "my_repo",
      "provider": "provider[\"registry.terraform.io/integrations/github\"]",
      "instances": [
        {
          "schema_version": 1,
          "attributes": {
            "allow_auto_merge": false,
            "allow_merge_commit": true,
            "allow_rebase_merge": true,
            "allow_squash_merge": true,
            "allow_update_branch": false,
            "archive_on_destroy": null,
            "archived": false,
            "auto_init": true,
            "default_branch": "main",
            "delete_branch_on_merge": false,
            "description": "Repository created with Terraform",
            "etag": "W/\"78fb63e90826afe8bcdf1bbd29f3c9f96d80b8028002dd164ec97deff4e00ccc\"",
            "full_name": "RushikeshHarne/kucl",
            "git_clone_url": "git://github.com/RushikeshHarne/kucl.git",
            "gitignore_template": null,
            "has_discussions": false,
            "has_downloads": false,
            "has_issues": false,
            "has_projects": false,
            "has_wiki": false,
            "homepage_url": "",
            "html_url": "https://github.com/RushikeshHarne/kucl",
            "http_clone_url": "https://github.com/RushikeshHarne/kucl.git",
            "id": "kucl",
            "ignore_vulnerability_alerts_during_read": null,
            "is_template": false,
            "license_template": null,
            "merge_commit_message": "PR_TITLE",
            "merge_commit_title": "MERGE_MESSAGE",
            "name": "kucl",
            "node_id": "R_kgDOOWFnjQ",
            "pages": [],
            "primary_language": "",
            "private": false,
            "repo_id": 962684813,
            "security_and_analysis": [
              {
                "advanced_security": [],
                "secret_scanning": [
                  {
                    "status": "enabled"
                  }
                ],
                "secret_scanning_push_protection": [
                  {
                    "status": "enabled"
                  }
                ]
              }
            ],
            "squash_merge_commit_message": "COMMIT_MESSAGES",
            "squash_merge_commit_title": "COMMIT_OR_PR_TITLE",
            "ssh_clone_url": "git@github.com:RushikeshHarne/kucl.git",
            "svn_url": "https://github.com/RushikeshHarne/kucl",
            "template": [],
            "topics": [],
            "visibility": "public",
            "vulnerability_alerts": false,
            "web_commit_signoff_required": false
          },
          "sensitive_attributes": [],
          "private": "eyJzY2hlbWFfdmVyc2lvbiI6IjEifQ=="
        }
      ]
    },
    {
      "mode": "managed",
      "type": "github_repository_file",
      "name": "readme",
      "provider": "provider[\"registry.terraform.io/integrations/github\"]",
      "instances": [
        {
          "schema_version": 0,
          "attributes": {
            "branch": "main",
            "commit_author": null,
            "commit_email": null,
            "commit_message": "Add README file",
            "commit_sha": "a1b5365f7ab0e1e3950c789717dcbb6cd7d4f05e",
            "content": "# Welcome to kucl\nThis repository was created using Terraform.",
            "file": "git-file-test",
            "id": "kucl/git-file-test",
            "overwrite_on_create": false,
            "ref": "main",
            "repository": "kucl",
            "sha": "4b2fa8e69902c958e1aeb70891617e2c7ffdcbf4"
          },
          "sensitive_attributes": [],
          "private": "bnVsbA==",
          "dependencies": [
            "github_repository.my_repo"
          ]
        }
      ]
    }
  ],
  "check_results": null
}
