{
  "version": 4,
  "terraform_version": "1.7.2",
  "serial": 5,
  "lineage": "57684074-d6cb-62d2-6d28-5b9aab343582",
  "outputs": {},
  "resources": [
    {
      "mode": "managed",
      "type": "aws_vpc",
      "name": "my_vpc",
      "provider": "provider[\"registry.terraform.io/hashicorp/aws\"]",
      "instances": [
        {
          "schema_version": 1,
          "attributes": {
            "arn": "arn:aws:ec2:ap-south-1:481665099889:vpc/vpc-0e386af806fdd8862",
            "assign_generated_ipv6_cidr_block": false,
            "cidr_block": "10.0.0.0/16",
            "default_network_acl_id": "acl-0f7cdb836b990fef9",
            "default_route_table_id": "rtb-082ffb3ab6e74f485",
            "default_security_group_id": "sg-0ccea44430ffa8281",
            "dhcp_options_id": "dopt-0e80ee5b31663d4c5",
            "enable_dns_hostnames": false,
            "enable_dns_support": true,
            "enable_network_address_usage_metrics": false,
            "id": "vpc-0e386af806fdd8862",
            "instance_tenancy": "default",
            "ipv4_ipam_pool_id": null,
            "ipv4_netmask_length": null,
            "ipv6_association_id": "",
            "ipv6_cidr_block": "",
            "ipv6_cidr_block_network_border_group": "",
            "ipv6_ipam_pool_id": "",
            "ipv6_netmask_length": 0,
            "main_route_table_id": "rtb-082ffb3ab6e74f485",
            "owner_id": "481665099889",
            "tags": {
              "Name": "kucl"
            },
            "tags_all": {
              "Name": "kucl"
            }
          },
          "sensitive_attributes": [],
          "private": "eyJzY2hlbWFfdmVyc2lvbiI6IjEifQ=="
        }
      ]
    }
  ],
  "check_results": null
}
