{
  "version": 4,
  "terraform_version": "1.7.2",
  "serial": 45,
  "lineage": "68e2058e-09db-b6d7-292a-759df0ec1833",
  "outputs": {},
  "resources": [
    {
      "mode": "managed",
      "type": "github_repository",
      "name": "my_repo",
      "provider": "provider[\"registry.terraform.io/integrations/github\"]",
      "instances": [
        {
          "schema_version": 1,
          "attributes": {
            "allow_auto_merge": false,
            "allow_merge_commit": true,
            "allow_rebase_merge": true,
            "allow_squash_merge": true,
            "allow_update_branch": false,
            "archive_on_destroy": null,
            "archived": false,
            "auto_init": true,
            "default_branch": "main",
            "delete_branch_on_merge": false,
            "description": "Repository created with Terraform",
            "etag": "W/\"d7503c6cb1b5cade3a25e09b51c60ba6c2050b0a6fe07447d1863d7d4a1e1b07\"",
            "full_name": "RushikeshHarne/don1",
            "git_clone_url": "git://github.com/RushikeshHarne/don1.git",
            "gitignore_template": null,
            "has_discussions": false,
            "has_downloads": false,
            "has_issues": false,
            "has_projects": false,
            "has_wiki": false,
            "homepage_url": "",
            "html_url": "https://github.com/RushikeshHarne/don1",
            "http_clone_url": "https://github.com/RushikeshHarne/don1.git",
            "id": "don1",
            "ignore_vulnerability_alerts_during_read": null,
            "is_template": false,
            "license_template": null,
            "merge_commit_message": "PR_TITLE",
            "merge_commit_title": "MERGE_MESSAGE",
            "name": "don1",
            "node_id": "R_kgDOOV1aaw",
            "pages": [],
            "primary_language": "",
            "private": false,
            "repo_id": 962419307,
            "security_and_analysis": [
              {
                "advanced_security": [],
                "secret_scanning": [
                  {
                    "status": "enabled"
                  }
                ],
                "secret_scanning_push_protection": [
                  {
                    "status": "enabled"
                  }
                ]
              }
            ],
            "squash_merge_commit_message": "COMMIT_MESSAGES",
            "squash_merge_commit_title": "COMMIT_OR_PR_TITLE",
            "ssh_clone_url": "git@github.com:RushikeshHarne/don1.git",
            "svn_url": "https://github.com/RushikeshHarne/don1",
            "template": [],
            "topics": [],
            "visibility": "public",
            "vulnerability_alerts": false,
            "web_commit_signoff_required": false
          },
          "sensitive_attributes": [],
          "private": "eyJzY2hlbWFfdmVyc2lvbiI6IjEifQ=="
        }
      ]
    },
    {
      "mode": "managed",
      "type": "github_repository_file",
      "name": "readme",
      "provider": "provider[\"registry.terraform.io/integrations/github\"]",
      "instances": [
        {
          "schema_version": 0,
          "attributes": {
            "branch": "main",
            "commit_author": null,
            "commit_email": null,
            "commit_message": "Add README file",
            "commit_sha": "948a755677593a44900674c5c47e3cbf4e65e4f5",
            "content": "# Welcome to don1\nThis repository was created using Terraform.",
            "file": "share",
            "id": "don1/share",
            "overwrite_on_create": false,
            "ref": "main",
            "repository": "don1",
            "sha": "2249375222249f06c72b57da2c9bdaf0235e5ce0"
          },
          "sensitive_attributes": [],
          "private": "bnVsbA==",
          "dependencies": [
            "github_repository.my_repo"
          ]
        }
      ]
    }
  ],
  "check_results": null
}
